
Microsoft Visual Studio Solution File, Format Version 12.00
# Visual Studio 2013
VisualStudioVersion = 12.0.31101.0
MinimumVisualStudioVersion = 10.0.40219.1
Project("{FAE04EC0-301F-11D3-BF4B-00C04F79EFBC}") = "Qwixx", "Qwixx\Qwixx.csproj", "{52E2E8ED-CA88-416D-9291-39AD7519ACAB}"
EndProject
Project("{FAE04EC0-301F-11D3-BF4B-00C04F79EFBC}") = "Qwixx.Models", "Qwixx.Models\Qwixx.Models.csproj", "{1D77C48A-6A2D-4600-8552-1276C09B3DEE}"
EndProject
Global
	GlobalSection(SolutionConfigurationPlatforms) = preSolution
		Debug|Any CPU = Debug|Any CPU
		Release|Any CPU = Release|Any CPU
	EndGlobalSection
	GlobalSection(ProjectConfigurationPlatforms) = postSolution
		{52E2E8ED-CA88-416D-9291-39AD7519ACAB}.Debug|Any CPU.ActiveCfg = Debug|Any CPU
		{52E2E8ED-CA88-416D-9291-39AD7519ACAB}.Debug|Any CPU.Build.0 = Debug|Any CPU
		{52E2E8ED-CA88-416D-9291-39AD7519ACAB}.Release|Any CPU.ActiveCfg = Release|Any CPU
		{52E2E8ED-CA88-416D-9291-39AD7519ACAB}.Release|Any CPU.Build.0 = Release|Any CPU
		{1D77C48A-6A2D-4600-8552-1276C09B3DEE}.Debug|Any CPU.ActiveCfg = Debug|Any CPU
		{1D77C48A-6A2D-4600-8552-1276C09B3DEE}.Debug|Any CPU.Build.0 = Debug|Any CPU
		{1D77C48A-6A2D-4600-8552-1276C09B3DEE}.Release|Any CPU.ActiveCfg = Release|Any CPU
		{1D77C48A-6A2D-4600-8552-1276C09B3DEE}.Release|Any CPU.Build.0 = Release|Any CPU
	EndGlobalSection
	GlobalSection(SolutionProperties) = preSolution
		HideSolutionNode = FALSE
	EndGlobalSection
EndGlobal
